// !$*UTF8*$!
{
	archiveVersion = 1;
	classes = {
	};
	objectVersion = 50;
	objects = {

/* Begin PBXBuildFile section */
		45CAD81F220DDA83009FB1B4 /* AppDelegate.swift in Sources */ = {isa = PBXBuildFile; fileRef = 45CAD81E220DDA83009FB1B4 /* AppDelegate.swift */; };
		45CAD821220DDA83009FB1B4 /* ViewController.swift in Sources */ = {isa = PBXBuildFile; fileRef = 45CAD820220DDA83009FB1B4 /* ViewController.swift */; };
		45CAD824220DDA83009FB1B4 /* Main.storyboard in Resources */ = {isa = PBXBuildFile; fileRef = 45CAD822220DDA83009FB1B4 /* Main.storyboard */; };
		45CAD826220DDA85009FB1B4 /* Assets.xcassets in Resources */ = {isa = PBXBuildFile; fileRef = 45CAD825220DDA85009FB1B4 /* Assets.xcassets */; };
		45CAD829220DDA85009FB1B4 /* LaunchScreen.storyboard in Resources */ = {isa = PBXBuildFile; fileRef = 45CAD827220DDA85009FB1B4 /* LaunchScreen.storyboard */; };
		45CAD831220DDD4E009FB1B4 /* APIkeys.swift in Sources */ = {isa = PBXBuildFile; fileRef = 45CAD830220DDD4E009FB1B4 /* APIkeys.swift */; };
/* End PBXBuildFile section */

/* Begin PBXFileReference section */
		45CAD81B220DDA83009FB1B4 /* gitExample.app */ = {isa = PBXFileReference; explicitFileType = wrapper.application; includeInIndex = 0; path = gitExample.app; sourceTree = BUILT_PRODUCTS_DIR; };
		45CAD81E220DDA83009FB1B4 /* AppDelegate.swift */ = {isa = PBXFileReference; lastKnownFileType = sourcecode.swift; path = AppDelegate.swift; sourceTree = "<group>"; };
		45CAD820220DDA83009FB1B4 /* ViewController.swift */ = {isa = PBXFileReference; lastKnownFileType = sourcecode.swift; path = ViewController.swift; sourceTree = "<group>"; };
		45CAD823220DDA83009FB1B4 /* Base */ = {isa = PBXFileReference; lastKnownFileType = file.storyboard; name = Base; path = Base.lproj/Main.storyboard; sourceTree = "<group>"; };
		45CAD825220DDA85009FB1B4 /* Assets.xcassets */ = {isa = PBXFileReference; lastKnownFileType = folder.assetcatalog; path = Assets.xcassets; sourceTree = "<group>"; };
		45CAD828220DDA85009FB1B4 /* Base */ = {isa = PBXFileReference; lastKnownFileType = file.storyboard; name = Base; path = Base.lproj/LaunchScreen.storyboard; sourceTree = "<group>"; };
		45CAD82A220DDA85009FB1B4 /* Info.plist */ = {isa = PBXFileReference; lastKnownFileType = text.plist.xml; path = Info.plist; sourceTree = "<group>"; };
		45CAD830220DDD4E009FB1B4 /* APIkeys.swift */ = {isa = PBXFileReference; lastKnownFileType = sourcecode.swift; path = APIkeys.swift; sourceTree = "<group>"; };
/* End PBXFileReference section */

/* Begin PBXFrameworksBuildPhase section */
		45CAD818220DDA83009FB1B4 /* Frameworks */ = {
			isa = PBXFrameworksBuildPhase;
			buildActionMask = 2147483647;
			files = (
			);
			runOnlyForDeploymentPostprocessing = 0;
		};
/* End PBXFrameworksBuildPhase section */

/* Begin PBXGroup section */
		45CAD812220DDA83009FB1B4 = {
			isa = PBXGroup;
			children = (
				45CAD81D220DDA83009FB1B4 /* gitExample */,
				45CAD81C220DDA83009FB1B4 /* Products */,
			);
			sourceTree = "<group>";
		};
		45CAD81C220DDA83009FB1B4 /* Products */ = {
			isa = PBXGroup;
			children = (
				45CAD81B220DDA83009FB1B4 /* gitExample.app */,
			);
			name = Products;
			sourceTree = "<group>";
		};
		45CAD81D220DDA83009FB1B4 /* gitExample */ = {
			isa = PBXGroup;
			children = (
				45CAD81E220DDA83009FB1B4 /* AppDelegate.swift */,
				45CAD820220DDA83009FB1B4 /* ViewController.swift */,
				45CAD830220DDD4E009FB1B4 /* APIkeys.swift */,
				45CAD822220DDA83009FB1B4 /* Main.storyboard */,
				45CAD825220DDA85009FB1B4 /* Assets.xcassets */,
				45CAD827220DDA85009FB1B4 /* LaunchScreen.storyboard */,
				45CAD82A220DDA85009FB1B4 /* Info.plist */,
			);
			path = gitExample;
			sourceTree = "<group>";
		};
/* End PBXGroup section */

/* Begin PBXNativeTarget section */
		45CAD81A220DDA83009FB1B4 /* gitExample */ = {
			isa = PBXNativeTarget;
			buildConfigurationList = 45CAD82D220DDA85009FB1B4 /* Build configuration list for PBXNativeTarget "gitExample" */;
			buildPhases = (
				45CAD817220DDA83009FB1B4 /* Sources */,
				45CAD818220DDA83009FB1B4 /* Frameworks */,
				45CAD819220DDA83009FB1B4 /* Resources */,
			);
			buildRules = (
			);
			dependencies = (
			);
			name = gitExample;
			productName = gitExample;
			productReference = 45CAD81B220DDA83009FB1B4 /* gitExample.app */;
			productType = "com.apple.product-type.application";
		};
/* End PBXNativeTarget section */

/* Begin PBXProject section */
		45CAD813220DDA83009FB1B4 /* Project object */ = {
			isa = PBXProject;
			attributes = {
				LastSwiftUpdateCheck = 1010;
				LastUpgradeCheck = 1010;
				ORGANIZATIONNAME = "Jabeen's MacBook";
				TargetAttributes = {
					45CAD81A220DDA83009FB1B4 = {
						CreatedOnToolsVersion = 10.1;
					};
				};
			};
			buildConfigurationList = 45CAD816220DDA83009FB1B4 /* Build configuration list for PBXProject "gitExample" */;
			compatibilityVersion = "Xcode 9.3";
			developmentRegion = en;
			hasScannedForEncodings = 0;
			knownRegions = (
				en,
				Base,
			);
			mainGroup = 45CAD812220DDA83009FB1B4;
			productRefGroup = 45CAD81C220DDA83009FB1B4 /* Products */;
			projectDirPath = "";
			projectRoot = "";
			targets = (
				45CAD81A220DDA83009FB1B4 /* gitExample */,
			);
		};
/* End PBXProject section */

/* Begin PBXResourcesBuildPhase section */
		45CAD819220DDA83009FB1B4 /* Resources */ = {
			isa = PBXResourcesBuildPhase;
			buildActionMask = 2147483647;
			files = (
				45CAD829220DDA85009FB1B4 /* LaunchScreen.storyboard in Resources */,
				45CAD826220DDA85009FB1B4 /* Assets.xcassets in Resources */,
				45CAD824220DDA83009FB1B4 /* Main.storyboard in Resources */,
			);
			runOnlyForDeploymentPostprocessing = 0;
		};
/* End PBXResourcesBuildPhase section */

/* Begin PBXSourcesBuildPhase section */
		45CAD817220DDA83009FB1B4 /* Sources */ = {
			isa = PBXSourcesBuildPhase;
			buildActionMask = 2147483647;
			files = (
				45CAD831220DDD4E009FB1B4 /* APIkeys.swift in Sources */,
				45CAD821220DDA83009FB1B4 /* ViewController.swift in Sources */,
				45CAD81F220DDA83009FB1B4 /* AppDelegate.swift in Sources */,
			);
			runOnlyForDeploymentPostprocessing = 0;
		};
/* End PBXSourcesBuildPhase section */

/* Begin PBXVariantGroup section */
		45CAD822220DDA83009FB1B4 /* Main.storyboard */ = {
			isa = PBXVariantGroup;
			children = (
				45CAD823220DDA83009FB1B4 /* Base */,
			);
			name = Main.storyboard;
			sourceTree = "<group>";
		};
		45CAD827220DDA85009FB1B4 /* LaunchScreen.storyboard */ = {
			isa = PBXVariantGroup;
			children = (
				45CAD828220DDA85009FB1B4 /* Base */,
			);
			name = LaunchScreen.storyboard;
			sourceTree = "<group>";
		};
/* End PBXVariantGroup section */

/* Begin XCBuildConfiguration section */
		45CAD82B220DDA85009FB1B4 /* Debug */ = {
			isa = XCBuildConfiguration;
			buildSettings = {
				ALWAYS_SEARCH_USER_PATHS = NO;
				CLANG_ANALYZER_NONNULL = YES;
				CLANG_ANALYZER_NUMBER_OBJECT_CONVERSION = YES_AGGRESSIVE;
				CLANG_CXX_LANGUAGE_STANDARD = "gnu++14";
				CLANG_CXX_LIBRARY = "libc++";
				CLANG_ENABLE_MODULES = YES;
				CLANG_ENABLE_OBJC_ARC = YES;
				CLANG_ENABLE_OBJC_WEAK = YES;
				CLANG_WARN_BLOCK_CAPTURE_AUTORELEASING = YES;
				CLANG_WARN_BOOL_CONVERSION = YES;
				CLANG_WARN_COMMA = YES;
				CLANG_WARN_CONSTANT_CONVERSION = YES;
				CLANG_WARN_DEPRECATED_OBJC_IMPLEMENTATIONS = YES;
				CLANG_WARN_DIRECT_OBJC_ISA_USAGE = YES_ERROR;
				CLANG_WARN_DOCUMENTATION_COMMENTS = YES;
				CLANG_WARN_EMPTY_BODY = YES;
				CLANG_WARN_ENUM_CONVERSION = YES;
				CLANG_WARN_INFINITE_RECURSION = YES;
				CLANG_WARN_INT_CONVERSION = YES;
				CLANG_WARN_NON_LITERAL_NULL_CONVERSION = YES;
				CLANG_WARN_OBJC_IMPLICIT_RETAIN_SELF = YES;
				CLANG_WARN_OBJC_LITERAL_CONVERSION = YES;
				CLANG_WARN_OBJC_ROOT_CLASS = YES_ERROR;
				CLANG_WARN_RANGE_LOOP_ANALYSIS = YES;
				CLANG_WARN_STRICT_PROTOTYPES = YES;
				CLANG_WARN_SUSPICIOUS_MOVE = YES;
				CLANG_WARN_UNGUARDED_AVAILABILITY = YES_AGGRESSIVE;
				CLANG_WARN_UNREACHABLE_CODE = YES;
				CLANG_WARN__DUPLICATE_METHOD_MATCH = YES;
				CODE_SIGN_IDENTITY = "iPhone Developer";
				COPY_PHASE_STRIP = NO;
				DEBUG_INFORMATION_FORMAT = dwarf;
				ENABLE_STRICT_OBJC_MSGSEND = YES;
				ENABLE_TESTABILITY = YES;
				GCC_C_LANGUAGE_STANDARD = gnu11;
				GCC_DYNAMIC_NO_PIC = NO;
				GCC_NO_COMMON_BLOCKS = YES;
				GCC_OPTIMIZATION_LEVEL = 0;
				GCC_PREPROCESSOR_DEFINITIONS = (
					"DEBUG=1",
					"$(inherited)",
				);
				GCC_WARN_64_TO_32_BIT_CONVERSION = YES;
				GCC_WARN_ABOUT_RETURN_TYPE = YES_ERROR;
				GCC_WARN_UNDECLARED_SELECTOR = YES;
				GCC_WARN_UNINITIALIZED_AUTOS = YES_AGGRESSIVE;
				GCC_WARN_UNUSED_FUNCTION = YES;
				GCC_WARN_UNUSED_VARIABLE = YES;
				IPHONEOS_DEPLOYMENT_TARGET = 12.1;
				MTL_ENABLE_DEBUG_INFO = INCLUDE_SOURCE;
				MTL_FAST_MATH = YES;
				ONLY_ACTIVE_ARCH = YES;
				SDKROOT = iphoneos;
				SWIFT_ACTIVE_COMPILATION_CONDITIONS = DEBUG;
				SWIFT_OPTIMIZATION_LEVEL = "-Onone";
			};
			name = Debug;
		};
		45CAD82C220DDA85009FB1B4 /* Release */ = {
			isa = XCBuildConfiguration;
			buildSettings = {
				ALWAYS_SEARCH_USER_PATHS = NO;
				CLANG_ANALYZER_NONNULL = YES;
				CLANG_ANALYZER_NUMBER_OBJECT_CONVERSION = YES_AGGRESSIVE;
				CLANG_CXX_LANGUAGE_STANDARD = "gnu++14";
				CLANG_CXX_LIBRARY = "libc++";
				CLANG_ENABLE_MODULES = YES;
				CLANG_ENABLE_OBJC_ARC = YES;
				CLANG_ENABLE_OBJC_WEAK = YES;
				CLANG_WARN_BLOCK_CAPTURE_AUTORELEASING = YES;
				CLANG_WARN_BOOL_CONVERSION = YES;
				CLANG_WARN_COMMA = YES;
				CLANG_WARN_CONSTANT_CONVERSION = YES;
				CLANG_WARN_DEPRECATED_OBJC_IMPLEMENTATIONS = YES;
				CLANG_WARN_DIRECT_OBJC_ISA_USAGE = YES_ERROR;
				CLANG_WARN_DOCUMENTATION_COMMENTS = YES;
				CLANG_WARN_EMPTY_BODY = YES;
				CLANG_WARN_ENUM_CONVERSION = YES;
				CLANG_WARN_INFINITE_RECURSION = YES;
				CLANG_WARN_INT_CONVERSION = YES;
				CLANG_WARN_NON_LITERAL_NULL_CONVERSION = YES;
				CLANG_WARN_OBJC_IMPLICIT_RETAIN_SELF = YES;
				CLANG_WARN_OBJC_LITERAL_CONVERSION = YES;
				CLANG_WARN_OBJC_ROOT_CLASS = YES_ERROR;
				CLANG_WARN_RANGE_LOOP_ANALYSIS = YES;
				CLANG_WARN_STRICT_PROTOTYPES = YES;
				CLANG_WARN_SUSPICIOUS_MOVE = YES;
				CLANG_WARN_UNGUARDED_AVAILABILITY = YES_AGGRESSIVE;
				CLANG_WARN_UNREACHABLE_CODE = YES;
				CLANG_WARN__DUPLICATE_METHOD_MATCH = YES;
				CODE_SIGN_IDENTITY = "iPhone Developer";
				COPY_PHASE_STRIP = NO;
				DEBUG_INFORMATION_FORMAT = "dwarf-with-dsym";
				ENABLE_NS_ASSERTIONS = NO;
				ENABLE_STRICT_OBJC_MSGSEND = YES;
				GCC_C_LANGUAGE_STANDARD = gnu11;
				GCC_NO_COMMON_BLOCKS = YES;
				GCC_WARN_64_TO_32_BIT_CONVERSION = YES;
				GCC_WARN_ABOUT_RETURN_TYPE = YES_ERROR;
				GCC_WARN_UNDECLARED_SELECTOR = YES;
				GCC_WARN_UNINITIALIZED_AUTOS = YES_AGGRESSIVE;
				GCC_WARN_UNUSED_FUNCTION = YES;
				GCC_WARN_UNUSED_VARIABLE = YES;
				IPHONEOS_DEPLOYMENT_TARGET = 12.1;
				MTL_ENABLE_DEBUG_INFO = NO;
				MTL_FAST_MATH = YES;
				SDKROOT = iphoneos;
				SWIFT_COMPILATION_MODE = wholemodule;
				SWIFT_OPTIMIZATION_LEVEL = "-O";
				VALIDATE_PRODUCT = YES;
			};
			name = Release;
		};
		45CAD82E220DDA85009FB1B4 /* Debug */ = {
			isa = XCBuildConfiguration;
			buildSettings = {
				ASSETCATALOG_COMPILER_APPICON_NAME = AppIcon;
				CODE_SIGN_STYLE = Automatic;
				DEVELOPMENT_TEAM = GD3AM38R36;
				INFOPLIST_FILE = gitExample/Info.plist;
				LD_RUNPATH_SEARCH_PATHS = (
					"$(inherited)",
					"@executable_path/Frameworks",
				);
				PRODUCT_BUNDLE_IDENTIFIER = org.pursuit.gitExample;
				PRODUCT_NAME = "$(TARGET_NAME)";
				SWIFT_VERSION = 4.2;
				TARGETED_DEVICE_FAMILY = "1,2";
			};
			name = Debug;
		};
		45CAD82F220DDA85009FB1B4 /* Release */ = {
			isa = XCBuildConfiguration;
			buildSettings = {
				ASSETCATALOG_COMPILER_APPICON_NAME = AppIcon;
				CODE_SIGN_STYLE = Automatic;
				DEVELOPMENT_TEAM = GD3AM38R36;
				INFOPLIST_FILE = gitExample/Info.plist;
				LD_RUNPATH_SEARCH_PATHS = (
					"$(inherited)",
					"@executable_path/Frameworks",
				);
				PRODUCT_BUNDLE_IDENTIFIER = org.pursuit.gitExample;
				PRODUCT_NAME = "$(TARGET_NAME)";
				SWIFT_VERSION = 4.2;
				TARGETED_DEVICE_FAMILY = "1,2";
			};
			name = Release;
		};
/* End XCBuildConfiguration section */

/* Begin XCConfigurationList section */
		45CAD816220DDA83009FB1B4 /* Build configuration list for PBXProject "gitExample" */ = {
			isa = XCConfigurationList;
			buildConfigurations = (
				45CAD82B220DDA85009FB1B4 /* Debug */,
				45CAD82C220DDA85009FB1B4 /* Release */,
			);
			defaultConfigurationIsVisible = 0;
			defaultConfigurationName = Release;
		};
		45CAD82D220DDA85009FB1B4 /* Build configuration list for PBXNativeTarget "gitExample" */ = {
			isa = XCConfigurationList;
			buildConfigurations = (
				45CAD82E220DDA85009FB1B4 /* Debug */,
				45CAD82F220DDA85009FB1B4 /* Release */,
			);
			defaultConfigurationIsVisible = 0;
			defaultConfigurationName = Release;
		};
/* End XCConfigurationList section */
	};
	rootObject = 45CAD813220DDA83009FB1B4 /* Project object */;
}
